{
  "object": {
    "pins": [
      {
        "package": "TestUtil",
        "repositoryURL": "https://github.com/eonil/swift-test-util",
        "state": {
          "branch": "master",
          "revision": "3c803bc3e2a769280ec6ac4f6dc4f5f2270b46c3",
          "version": null
        }
      },
      {
        "package": "Tree2",
        "repositoryURL": "https://github.com/eonil/swift-tree-v2",
        "state": {
          "branch": "master",
          "revision": "74bc76481fead160998659aee9468d4d569fe7fe",
          "version": null
        }
      }
    ]
  },
  "version": 1
}
